
Microsoft Visual Studio Solution File, Format Version 12.00
# Visual Studio Version 16
VisualStudioVersion = 16.0.30323.103
MinimumVisualStudioVersion = 10.0.40219.1
Project("{FAE04EC0-301F-11D3-BF4B-00C04F79EFBC}") = "BlazorServerForUltralight", "BlazorServerForUltralight.csproj", "{E34FB596-1D67-48BC-961F-F64DD10A0165}"
EndProject
Global
	GlobalSection(SolutionConfigurationPlatforms) = preSolution
		Debug|Any CPU = Debug|Any CPU
		Release|Any CPU = Release|Any CPU
	EndGlobalSection
	GlobalSection(ProjectConfigurationPlatforms) = postSolution
		{E34FB596-1D67-48BC-961F-F64DD10A0165}.Debug|Any CPU.ActiveCfg = Debug|Any CPU
		{E34FB596-1D67-48BC-961F-F64DD10A0165}.Debug|Any CPU.Build.0 = Debug|Any CPU
		{E34FB596-1D67-48BC-961F-F64DD10A0165}.Release|Any CPU.ActiveCfg = Release|Any CPU
		{E34FB596-1D67-48BC-961F-F64DD10A0165}.Release|Any CPU.Build.0 = Release|Any CPU
	EndGlobalSection
	GlobalSection(SolutionProperties) = preSolution
		HideSolutionNode = FALSE
	EndGlobalSection
	GlobalSection(ExtensibilityGlobals) = postSolution
		SolutionGuid = {8DFAC1EC-14A0-436F-B717-4D6367F1FCCD}
	EndGlobalSection
EndGlobal
