
Microsoft Visual Studio Solution File, Format Version 12.00
Project("{FAE04EC0-301F-11D3-BF4B-00C04F79EFBC}") = "BlazorServerForUltralight", "BlazorServerForUltralight\BlazorServerForUltralight.csproj", "{D743D868-2368-47A1-A030-BAF37B47BAA5}"
EndProject
Project("{FAE04EC0-301F-11D3-BF4B-00C04F79EFBC}") = "SuperBrowser", "SuperBrowser\SuperBrowser.csproj", "{630C92F8-8903-4397-AC25-D5E8690711E5}"
EndProject
Global
	GlobalSection(SolutionConfigurationPlatforms) = preSolution
		Debug|Any CPU = Debug|Any CPU
		Release|Any CPU = Release|Any CPU
	EndGlobalSection
EndGlobal
