
Microsoft Visual Studio Solution File, Format Version 12.00
# Visual Studio Version 16
VisualStudioVersion = 16.0.30323.103
MinimumVisualStudioVersion = 10.0.40219.1
Project("{9A19103F-16F7-4668-BE54-9A1E7A4F7556}") = "BlazorServerForUltralight", "BlazorServerForUltralight\BlazorServerForUltralight.csproj", "{D743D868-2368-47A1-A030-BAF37B47BAA5}"
EndProject
Project("{9A19103F-16F7-4668-BE54-9A1E7A4F7556}") = "SuperBrowser", "SuperBrowser\SuperBrowser.csproj", "{630C92F8-8903-4397-AC25-D5E8690711E5}"
EndProject
Global
	GlobalSection(SolutionConfigurationPlatforms) = preSolution
		Debug|Any CPU = Debug|Any CPU
		Release|Any CPU = Release|Any CPU
	EndGlobalSection
	GlobalSection(ProjectConfigurationPlatforms) = postSolution
		{D743D868-2368-47A1-A030-BAF37B47BAA5}.Debug|Any CPU.ActiveCfg = Debug|Any CPU
		{D743D868-2368-47A1-A030-BAF37B47BAA5}.Debug|Any CPU.Build.0 = Debug|Any CPU
		{D743D868-2368-47A1-A030-BAF37B47BAA5}.Release|Any CPU.ActiveCfg = Release|Any CPU
		{D743D868-2368-47A1-A030-BAF37B47BAA5}.Release|Any CPU.Build.0 = Release|Any CPU
		{630C92F8-8903-4397-AC25-D5E8690711E5}.Debug|Any CPU.ActiveCfg = Debug|Any CPU
		{630C92F8-8903-4397-AC25-D5E8690711E5}.Debug|Any CPU.Build.0 = Debug|Any CPU
		{630C92F8-8903-4397-AC25-D5E8690711E5}.Release|Any CPU.ActiveCfg = Release|Any CPU
		{630C92F8-8903-4397-AC25-D5E8690711E5}.Release|Any CPU.Build.0 = Release|Any CPU
	EndGlobalSection
	GlobalSection(SolutionProperties) = preSolution
		HideSolutionNode = FALSE
	EndGlobalSection
	GlobalSection(ExtensibilityGlobals) = postSolution
		SolutionGuid = {0B8E81B0-FA1B-4C7F-9CE7-D48C0EE2DE32}
	EndGlobalSection
EndGlobal
